
Microsoft Visual Studio Solution File, Format Version 12.00
# Visual Studio Version 17
VisualStudioVersion = 17.4.33213.308
MinimumVisualStudioVersion = 10.0.40219.1
Project("{FAE04EC0-301F-11D3-BF4B-00C04F79EFBC}") = "OttoMicrowave", "OttoMicrowave\OttoMicrowave.csproj", "{3665E158-6249-4703-B00E-C02B68340A83}"
EndProject
Project("{FAE04EC0-301F-11D3-BF4B-00C04F79EFBC}") = "MicrowaveTest", "MicrowaveServiceTests\MicrowaveTest.csproj", "{D2C6DA38-1B11-481D-8A84-A5A8BD8B6737}"
EndProject
Global
	GlobalSection(SolutionConfigurationPlatforms) = preSolution
		Debug|Any CPU = Debug|Any CPU
		Release|Any CPU = Release|Any CPU
	EndGlobalSection
	GlobalSection(ProjectConfigurationPlatforms) = postSolution
		{3665E158-6249-4703-B00E-C02B68340A83}.Debug|Any CPU.ActiveCfg = Debug|Any CPU
		{3665E158-6249-4703-B00E-C02B68340A83}.Debug|Any CPU.Build.0 = Debug|Any CPU
		{3665E158-6249-4703-B00E-C02B68340A83}.Release|Any CPU.ActiveCfg = Release|Any CPU
		{3665E158-6249-4703-B00E-C02B68340A83}.Release|Any CPU.Build.0 = Release|Any CPU
		{D2C6DA38-1B11-481D-8A84-A5A8BD8B6737}.Debug|Any CPU.ActiveCfg = Debug|Any CPU
		{D2C6DA38-1B11-481D-8A84-A5A8BD8B6737}.Debug|Any CPU.Build.0 = Debug|Any CPU
		{D2C6DA38-1B11-481D-8A84-A5A8BD8B6737}.Release|Any CPU.ActiveCfg = Release|Any CPU
		{D2C6DA38-1B11-481D-8A84-A5A8BD8B6737}.Release|Any CPU.Build.0 = Release|Any CPU
	EndGlobalSection
	GlobalSection(SolutionProperties) = preSolution
		HideSolutionNode = FALSE
	EndGlobalSection
	GlobalSection(ExtensibilityGlobals) = postSolution
		SolutionGuid = {32BEA867-607D-4B6E-8428-9E1EBC253138}
	EndGlobalSection
EndGlobal
